
Microsoft Visual Studio Solution File, Format Version 12.00
# Visual Studio Version 16
VisualStudioVersion = 16.0.29728.190
MinimumVisualStudioVersion = 10.0.40219.1
Project("{FAE04EC0-301F-11D3-BF4B-00C04F79EFBC}") = "FastExcel", "FastExcel.csproj", "{5B2F272B-66B7-4D05-8724-95A34FC7CAD3}"
EndProject
Global
	GlobalSection(SolutionConfigurationPlatforms) = preSolution
		Debug|Any CPU = Debug|Any CPU
		Release|Any CPU = Release|Any CPU
	EndGlobalSection
	GlobalSection(ProjectConfigurationPlatforms) = postSolution
		{5B2F272B-66B7-4D05-8724-95A34FC7CAD3}.Debug|Any CPU.ActiveCfg = Debug|Any CPU
		{5B2F272B-66B7-4D05-8724-95A34FC7CAD3}.Debug|Any CPU.Build.0 = Debug|Any CPU
		{5B2F272B-66B7-4D05-8724-95A34FC7CAD3}.Release|Any CPU.ActiveCfg = Release|Any CPU
		{5B2F272B-66B7-4D05-8724-95A34FC7CAD3}.Release|Any CPU.Build.0 = Release|Any CPU
	EndGlobalSection
	GlobalSection(SolutionProperties) = preSolution
		HideSolutionNode = FALSE
	EndGlobalSection
	GlobalSection(ExtensibilityGlobals) = postSolution
		SolutionGuid = {6803D167-43D3-4129-ADAE-98CC9B12ACEC}
	EndGlobalSection
EndGlobal
